
Microsoft Visual Studio Solution File, Format Version 12.00
# Visual Studio Version 16
VisualStudioVersion = 16.0.30011.22
MinimumVisualStudioVersion = 10.0.40219.1
Project("{FAE04EC0-301F-11D3-BF4B-00C04F79EFBC}") = "OrderManagementSystemEF", "OrderManagementSystemEF.csproj", "{06E81B2E-E346-43DB-B7BE-9AA42555FE07}"
EndProject
Global
	GlobalSection(SolutionConfigurationPlatforms) = preSolution
		Debug|Any CPU = Debug|Any CPU
		Release|Any CPU = Release|Any CPU
	EndGlobalSection
	GlobalSection(ProjectConfigurationPlatforms) = postSolution
		{06E81B2E-E346-43DB-B7BE-9AA42555FE07}.Debug|Any CPU.ActiveCfg = Debug|Any CPU
		{06E81B2E-E346-43DB-B7BE-9AA42555FE07}.Debug|Any CPU.Build.0 = Debug|Any CPU
		{06E81B2E-E346-43DB-B7BE-9AA42555FE07}.Release|Any CPU.ActiveCfg = Release|Any CPU
		{06E81B2E-E346-43DB-B7BE-9AA42555FE07}.Release|Any CPU.Build.0 = Release|Any CPU
	EndGlobalSection
	GlobalSection(SolutionProperties) = preSolution
		HideSolutionNode = FALSE
	EndGlobalSection
	GlobalSection(ExtensibilityGlobals) = postSolution
		SolutionGuid = {DBD2D0BC-9E19-4EB3-9064-CF4C21ABD537}
	EndGlobalSection
EndGlobal
