
Microsoft Visual Studio Solution File, Format Version 12.00
# Visual Studio Version 16
VisualStudioVersion = 16.0.29911.84
MinimumVisualStudioVersion = 10.0.40219.1
Project("{FAE04EC0-301F-11D3-BF4B-00C04F79EFBC}") = "WindowsFormsApp1", "WindowsFormsApp1.csproj", "{9C3A8DB7-105F-4663-8E11-0E0801581472}"
EndProject
Project("{FAE04EC0-301F-11D3-BF4B-00C04F79EFBC}") = "oderManagementSystem", "..\oderManagementSystem\oderManagementSystem.csproj", "{5235E5B5-BCA0-4639-B05F-7BD941854E8B}"
EndProject
Global
	GlobalSection(SolutionConfigurationPlatforms) = preSolution
		Debug|Any CPU = Debug|Any CPU
		Release|Any CPU = Release|Any CPU
	EndGlobalSection
	GlobalSection(ProjectConfigurationPlatforms) = postSolution
		{9C3A8DB7-105F-4663-8E11-0E0801581472}.Debug|Any CPU.ActiveCfg = Debug|Any CPU
		{9C3A8DB7-105F-4663-8E11-0E0801581472}.Debug|Any CPU.Build.0 = Debug|Any CPU
		{9C3A8DB7-105F-4663-8E11-0E0801581472}.Release|Any CPU.ActiveCfg = Release|Any CPU
		{9C3A8DB7-105F-4663-8E11-0E0801581472}.Release|Any CPU.Build.0 = Release|Any CPU
		{5235E5B5-BCA0-4639-B05F-7BD941854E8B}.Debug|Any CPU.ActiveCfg = Debug|Any CPU
		{5235E5B5-BCA0-4639-B05F-7BD941854E8B}.Debug|Any CPU.Build.0 = Debug|Any CPU
		{5235E5B5-BCA0-4639-B05F-7BD941854E8B}.Release|Any CPU.ActiveCfg = Release|Any CPU
		{5235E5B5-BCA0-4639-B05F-7BD941854E8B}.Release|Any CPU.Build.0 = Release|Any CPU
	EndGlobalSection
	GlobalSection(SolutionProperties) = preSolution
		HideSolutionNode = FALSE
	EndGlobalSection
	GlobalSection(ExtensibilityGlobals) = postSolution
		SolutionGuid = {6C3BEB54-EFCC-4C22-95F2-BDAF34E6EFB2}
	EndGlobalSection
EndGlobal
